
Microsoft Visual Studio Solution File, Format Version 12.00
# Visual Studio Version 17
VisualStudioVersion = 17.0.31903.59
MinimumVisualStudioVersion = 10.0.40219.1
Project("{2150E333-8FDC-42A3-9474-1A3956D46DE8}") = "src", "src", "{D5BDDCDD-684C-43A7-95F7-F4A6FBBF03E6}"
EndProject
Project("{FAE04EC0-301F-11D3-BF4B-00C04F79EFBC}") = "AuctionService", "src\AuctionService\AuctionService.csproj", "{1E0B7677-6B89-4A2A-9651-6684EDC214C8}"
EndProject
Project("{FAE04EC0-301F-11D3-BF4B-00C04F79EFBC}") = "SearchService", "src\SearchService\SearchService.csproj", "{F004CC30-DB40-4C79-BE08-8770D3B6B6C3}"
EndProject
Project("{FAE04EC0-301F-11D3-BF4B-00C04F79EFBC}") = "Contracts", "src\Contracts\Contracts.csproj", "{2F4A4C4C-BD37-43CE-BB87-7ABF9F0CAEC5}"
EndProject
Project("{FAE04EC0-301F-11D3-BF4B-00C04F79EFBC}") = "IdentityService", "src\IdentityService\IdentityService.csproj", "{C842DB05-903B-4249-9314-B96BDB9AAE49}"
EndProject
Project("{FAE04EC0-301F-11D3-BF4B-00C04F79EFBC}") = "GatewayService", "src\GatewayService\GatewayService.csproj", "{1B0723D3-6D2D-4796-B94F-B28A4FC4D3B2}"
EndProject
Global
	GlobalSection(SolutionConfigurationPlatforms) = preSolution
		Debug|Any CPU = Debug|Any CPU
		Release|Any CPU = Release|Any CPU
	EndGlobalSection
	GlobalSection(SolutionProperties) = preSolution
		HideSolutionNode = FALSE
	EndGlobalSection
	GlobalSection(ProjectConfigurationPlatforms) = postSolution
		{1E0B7677-6B89-4A2A-9651-6684EDC214C8}.Debug|Any CPU.ActiveCfg = Debug|Any CPU
		{1E0B7677-6B89-4A2A-9651-6684EDC214C8}.Debug|Any CPU.Build.0 = Debug|Any CPU
		{1E0B7677-6B89-4A2A-9651-6684EDC214C8}.Release|Any CPU.ActiveCfg = Release|Any CPU
		{1E0B7677-6B89-4A2A-9651-6684EDC214C8}.Release|Any CPU.Build.0 = Release|Any CPU
		{F004CC30-DB40-4C79-BE08-8770D3B6B6C3}.Debug|Any CPU.ActiveCfg = Debug|Any CPU
		{F004CC30-DB40-4C79-BE08-8770D3B6B6C3}.Debug|Any CPU.Build.0 = Debug|Any CPU
		{F004CC30-DB40-4C79-BE08-8770D3B6B6C3}.Release|Any CPU.ActiveCfg = Release|Any CPU
		{F004CC30-DB40-4C79-BE08-8770D3B6B6C3}.Release|Any CPU.Build.0 = Release|Any CPU
		{2F4A4C4C-BD37-43CE-BB87-7ABF9F0CAEC5}.Debug|Any CPU.ActiveCfg = Debug|Any CPU
		{2F4A4C4C-BD37-43CE-BB87-7ABF9F0CAEC5}.Debug|Any CPU.Build.0 = Debug|Any CPU
		{2F4A4C4C-BD37-43CE-BB87-7ABF9F0CAEC5}.Release|Any CPU.ActiveCfg = Release|Any CPU
		{2F4A4C4C-BD37-43CE-BB87-7ABF9F0CAEC5}.Release|Any CPU.Build.0 = Release|Any CPU
		{C842DB05-903B-4249-9314-B96BDB9AAE49}.Debug|Any CPU.ActiveCfg = Debug|Any CPU
		{C842DB05-903B-4249-9314-B96BDB9AAE49}.Debug|Any CPU.Build.0 = Debug|Any CPU
		{C842DB05-903B-4249-9314-B96BDB9AAE49}.Release|Any CPU.ActiveCfg = Release|Any CPU
		{C842DB05-903B-4249-9314-B96BDB9AAE49}.Release|Any CPU.Build.0 = Release|Any CPU
		{1B0723D3-6D2D-4796-B94F-B28A4FC4D3B2}.Debug|Any CPU.ActiveCfg = Debug|Any CPU
		{1B0723D3-6D2D-4796-B94F-B28A4FC4D3B2}.Debug|Any CPU.Build.0 = Debug|Any CPU
		{1B0723D3-6D2D-4796-B94F-B28A4FC4D3B2}.Release|Any CPU.ActiveCfg = Release|Any CPU
		{1B0723D3-6D2D-4796-B94F-B28A4FC4D3B2}.Release|Any CPU.Build.0 = Release|Any CPU
	EndGlobalSection
	GlobalSection(NestedProjects) = preSolution
		{1E0B7677-6B89-4A2A-9651-6684EDC214C8} = {D5BDDCDD-684C-43A7-95F7-F4A6FBBF03E6}
		{F004CC30-DB40-4C79-BE08-8770D3B6B6C3} = {D5BDDCDD-684C-43A7-95F7-F4A6FBBF03E6}
		{2F4A4C4C-BD37-43CE-BB87-7ABF9F0CAEC5} = {D5BDDCDD-684C-43A7-95F7-F4A6FBBF03E6}
		{C842DB05-903B-4249-9314-B96BDB9AAE49} = {D5BDDCDD-684C-43A7-95F7-F4A6FBBF03E6}
		{1B0723D3-6D2D-4796-B94F-B28A4FC4D3B2} = {D5BDDCDD-684C-43A7-95F7-F4A6FBBF03E6}
	EndGlobalSection
EndGlobal
